{
  "name": "vext-sdk-workspace",
  "version": "0.1.0",
  "lockfileVersion": 3,
  "requires": true,
  "packages": {
    "": {
      "name": "vext-sdk-workspace",
      "version": "0.1.0",
      "license": "Apache-2.0",
      "workspaces": [
        "packages/*"
      ],
      "devDependencies": {
        "typescript": "^5.0.0"
      },
      "engines": {
        "node": ">=20"
      }
    },
    "node_modules/@vext/auth": {
      "resolved": "packages/auth",
      "link": true
    },
    "node_modules/@vext/cache": {
      "resolved": "packages/cache",
      "link": true
    },
    "node_modules/@vext/diagnostics": {
      "resolved": "packages/diagnostics",
      "link": true
    },
    "node_modules/@vext/json-rpc": {
      "resolved": "packages/json-rpc",
      "link": true
    },
    "node_modules/@vext/process": {
      "resolved": "packages/process",
      "link": true
    },
    "node_modules/@vext/sdk": {
      "resolved": "packages/sdk",
      "link": true
    },
    "node_modules/@vext/test": {
      "resolved": "packages/test",
      "link": true
    },
    "node_modules/@vext/ui": {
      "resolved": "packages/ui",
      "link": true
    },
    "node_modules/@vext/workspace": {
      "resolved": "packages/workspace",
      "link": true
    },
    "node_modules/typescript": {
      "version": "5.9.3",
      "resolved": "https://registry.npmjs.org/typescript/-/typescript-5.9.3.tgz",
      "integrity": "sha512-jl1vZzPDinLr9eUt3J/t7V6FgNEw9QjvBPdysz9KfQDD41fQrC2Y4vKQdiaUpFT4bXlb1RHhLpp8wtm6M5TgSw==",
      "dev": true,
      "license": "Apache-2.0",
      "bin": {
        "tsc": "bin/tsc",
        "tsserver": "bin/tsserver"
      },
      "engines": {
        "node": ">=14.17"
      }
    },
    "packages/auth": {
      "name": "@vext/auth",
      "version": "0.1.0",
      "license": "Apache-2.0",
      "devDependencies": {
        "typescript": "^5.0.0"
      }
    },
    "packages/cache": {
      "name": "@vext/cache",
      "version": "0.1.0",
      "license": "Apache-2.0",
      "devDependencies": {
        "typescript": "^5.0.0"
      }
    },
    "packages/diagnostics": {
      "name": "@vext/diagnostics",
      "version": "0.1.0",
      "license": "Apache-2.0",
      "devDependencies": {
        "typescript": "^5.0.0"
      }
    },
    "packages/json-rpc": {
      "name": "@vext/json-rpc",
      "version": "0.1.0",
      "license": "Apache-2.0",
      "devDependencies": {
        "typescript": "^5.0.0"
      }
    },
    "packages/process": {
      "name": "@vext/process",
      "version": "0.1.0",
      "license": "Apache-2.0",
      "devDependencies": {
        "typescript": "^5.0.0"
      }
    },
    "packages/sdk": {
      "name": "@vext/sdk",
      "version": "0.1.0",
      "license": "Apache-2.0",
      "dependencies": {
        "@vext/json-rpc": "0.1.0"
      },
      "devDependencies": {
        "typescript": "^5.0.0"
      }
    },
    "packages/test": {
      "name": "@vext/test",
      "version": "0.1.0",
      "license": "Apache-2.0",
      "devDependencies": {
        "typescript": "^5.0.0"
      }
    },
    "packages/ui": {
      "name": "@vext/ui",
      "version": "0.1.0",
      "license": "Apache-2.0",
      "devDependencies": {
        "typescript": "^5.0.0"
      }
    },
    "packages/workspace": {
      "name": "@vext/workspace",
      "version": "0.1.0",
      "license": "Apache-2.0",
      "devDependencies": {
        "typescript": "^5.0.0"
      }
    }
  }
}
