{
  "name": "vext-official-extensions",
  "version": "0.1.0",
  "lockfileVersion": 3,
  "requires": true,
  "packages": {
    "": {
      "name": "vext-official-extensions",
      "version": "0.1.0",
      "license": "Apache-2.0",
      "workspaces": [
        "packages/*"
      ],
      "engines": {
        "node": ">=20"
      }
    },
    "node_modules/@types/node": {
      "version": "22.20.2",
      "resolved": "https://registry.npmjs.org/@types/node/-/node-22.20.2.tgz",
      "integrity": "sha512-xlvWf4Vs9n1PEVYwP1n4vvG07M6y8WgvJ2t0vbrWTmijsIHp1cS+uJ2kMIRdY3nHZK0nCYKrPeD171+SzF4/zw==",
      "dev": true,
      "license": "MIT",
      "dependencies": {
        "undici-types": "~6.21.0"
      }
    },
    "node_modules/@vext-official/dev-containers": {
      "resolved": "packages/dev-containers",
      "link": true
    },
    "node_modules/@vext-official/docker": {
      "resolved": "packages/docker",
      "link": true
    },
    "node_modules/@vext-official/eslint": {
      "resolved": "packages/eslint",
      "link": true
    },
    "node_modules/@vext-official/figma": {
      "resolved": "packages/figma",
      "link": true
    },
    "node_modules/@vext-official/github": {
      "resolved": "packages/github",
      "link": true
    },
    "node_modules/@vext-official/gitlab": {
      "resolved": "packages/gitlab",
      "link": true
    },
    "node_modules/@vext-official/google-drive": {
      "resolved": "packages/google-drive",
      "link": true
    },
    "node_modules/@vext-official/graphql": {
      "resolved": "packages/graphql",
      "link": true
    },
    "node_modules/@vext-official/jupyter": {
      "resolved": "packages/jupyter",
      "link": true
    },
    "node_modules/@vext-official/kubernetes": {
      "resolved": "packages/kubernetes",
      "link": true
    },
    "node_modules/@vext-official/openapi": {
      "resolved": "packages/openapi",
      "link": true
    },
    "node_modules/@vext-official/oxlint": {
      "resolved": "packages/oxlint",
      "link": true
    },
    "node_modules/@vext-official/playwright": {
      "resolved": "packages/playwright",
      "link": true
    },
    "node_modules/@vext-official/pre-commit": {
      "resolved": "packages/pre-commit",
      "link": true
    },
    "node_modules/@vext-official/prettier": {
      "resolved": "packages/prettier",
      "link": true
    },
    "node_modules/@vext-official/pyright": {
      "resolved": "packages/pyright",
      "link": true
    },
    "node_modules/@vext-official/rest-client": {
      "resolved": "packages/rest-client",
      "link": true
    },
    "node_modules/@vext-official/ruff": {
      "resolved": "packages/ruff",
      "link": true
    },
    "node_modules/@vext-official/sqlite-viewer": {
      "resolved": "packages/sqlite-viewer",
      "link": true
    },
    "node_modules/@vext-official/ty": {
      "resolved": "packages/ty",
      "link": true
    },
    "node_modules/typescript": {
      "version": "5.9.3",
      "resolved": "https://registry.npmjs.org/typescript/-/typescript-5.9.3.tgz",
      "integrity": "sha512-jl1vZzPDinLr9eUt3J/t7V6FgNEw9QjvBPdysz9KfQDD41fQrC2Y4vKQdiaUpFT4bXlb1RHhLpp8wtm6M5TgSw==",
      "dev": true,
      "license": "Apache-2.0",
      "bin": {
        "tsc": "bin/tsc",
        "tsserver": "bin/tsserver"
      },
      "engines": {
        "node": ">=14.17"
      }
    },
    "node_modules/undici-types": {
      "version": "6.21.0",
      "resolved": "https://registry.npmjs.org/undici-types/-/undici-types-6.21.0.tgz",
      "integrity": "sha512-iwDZqg0QAGrg9Rav5H4n0M64c3mkR59cJ6wQp+7C4nI0gsmExaedaYLNO44eT4AtBBwjbTiGPMlt2Md0T9H9JQ==",
      "dev": true,
      "license": "MIT"
    },
    "packages/dev-containers": {
      "name": "@vext-official/dev-containers",
      "version": "0.1.0",
      "devDependencies": {
        "typescript": "^5.8.3"
      }
    },
    "packages/docker": {
      "name": "@vext-official/docker",
      "version": "0.1.0",
      "devDependencies": {
        "@types/node": "^22.15.0",
        "typescript": "^5.8.3"
      }
    },
    "packages/eslint": {
      "name": "@vext-official/eslint",
      "version": "0.1.0",
      "devDependencies": {
        "typescript": "^5.8.3"
      }
    },
    "packages/figma": {
      "name": "@vext-official/figma",
      "version": "0.1.0",
      "devDependencies": {
        "typescript": "^5.8.3"
      }
    },
    "packages/github": {
      "name": "@vext-official/github",
      "version": "0.1.0",
      "devDependencies": {
        "typescript": "^5.8.3"
      }
    },
    "packages/gitlab": {
      "name": "@vext-official/gitlab",
      "version": "0.1.0",
      "devDependencies": {
        "typescript": "^5.8.3"
      }
    },
    "packages/google-drive": {
      "name": "@vext-official/google-drive",
      "version": "0.1.0",
      "devDependencies": {
        "typescript": "^5.8.3"
      }
    },
    "packages/graphql": {
      "name": "@vext-official/graphql",
      "version": "0.1.0",
      "devDependencies": {
        "typescript": "^5.8.3"
      }
    },
    "packages/jupyter": {
      "name": "@vext-official/jupyter",
      "version": "0.1.0",
      "devDependencies": {
        "typescript": "^5.8.3"
      }
    },
    "packages/kubernetes": {
      "name": "@vext-official/kubernetes",
      "version": "0.1.0",
      "devDependencies": {
        "typescript": "^5.8.3"
      }
    },
    "packages/openapi": {
      "name": "@vext-official/openapi",
      "version": "0.1.0",
      "devDependencies": {
        "typescript": "^5.8.3"
      }
    },
    "packages/oxlint": {
      "name": "@vext-official/oxlint",
      "version": "0.1.0",
      "devDependencies": {
        "typescript": "^5.8.3"
      }
    },
    "packages/playwright": {
      "name": "@vext-official/playwright",
      "version": "0.1.0",
      "devDependencies": {
        "typescript": "^5.8.3"
      }
    },
    "packages/pre-commit": {
      "name": "@vext-official/pre-commit",
      "version": "0.1.0",
      "devDependencies": {
        "typescript": "^5.8.3"
      }
    },
    "packages/prettier": {
      "name": "@vext-official/prettier",
      "version": "0.1.0",
      "devDependencies": {
        "typescript": "^5.8.3"
      }
    },
    "packages/pyright": {
      "name": "@vext-official/pyright",
      "version": "0.1.0",
      "devDependencies": {
        "typescript": "^5.8.3"
      }
    },
    "packages/rest-client": {
      "name": "@vext-official/rest-client",
      "version": "0.1.0",
      "devDependencies": {
        "typescript": "^5.8.3"
      }
    },
    "packages/ruff": {
      "name": "@vext-official/ruff",
      "version": "0.1.0",
      "devDependencies": {
        "typescript": "^5.8.3"
      }
    },
    "packages/sqlite-viewer": {
      "name": "@vext-official/sqlite-viewer",
      "version": "0.1.0",
      "devDependencies": {
        "typescript": "^5.8.3"
      }
    },
    "packages/ty": {
      "name": "@vext-official/ty",
      "version": "0.1.0",
      "devDependencies": {
        "typescript": "^5.8.3"
      }
    }
  }
}
